// !$*UTF8*$!
{
	archiveVersion = 1;
	classes = {
	};
	objectVersion = 46;
	objects = {

/* Begin PBXBuildFile section */
		9C0EF76D146B0D9B00CE4AE5 /* CPResourcefulManagedObject.h in Headers */ = {isa = PBXBuildFile; fileRef = 9C0EF76B146B0D9B00CE4AE5 /* CPResourcefulManagedObject.h */; settings = {ATTRIBUTES = (); }; };
		9C0EF76E146B0D9B00CE4AE5 /* CPResourcefulManagedObject.m in Sources */ = {isa = PBXBuildFile; fileRef = 9C0EF76C146B0D9B00CE4AE5 /* CPResourcefulManagedObject.m */; };
		C90718631422D82000C20915 /* libKiwi.a in Frameworks */ = {isa = PBXBuildFile; fileRef = C90718351422C98100C20915 /* libKiwi.a */; };
		C90B0CCB13F55026009C18B1 /* libCocoaPlant.a in Frameworks */ = {isa = PBXBuildFile; fileRef = C90B0CB313F55026009C18B1 /* libCocoaPlant.a */; };
		C92C58FA1401A47600C606DA /* NSSortDescriptor+CocoaPlant.h in Headers */ = {isa = PBXBuildFile; fileRef = C92C58F81401A47600C606DA /* NSSortDescriptor+CocoaPlant.h */; settings = {ATTRIBUTES = (); }; };
		C92C58FB1401A47600C606DA /* NSSortDescriptor+CocoaPlant.m in Sources */ = {isa = PBXBuildFile; fileRef = C92C58F91401A47600C606DA /* NSSortDescriptor+CocoaPlant.m */; };
		C951D3E213F87926001D12CD /* UIKit.framework in Frameworks */ = {isa = PBXBuildFile; fileRef = C980C36A13F6A7DD0075AD0B /* UIKit.framework */; };
		C951D3E313F87926001D12CD /* Foundation.framework in Frameworks */ = {isa = PBXBuildFile; fileRef = C980C36D13F6A8930075AD0B /* Foundation.framework */; };
		C951D3E513F87926001D12CD /* CoreData.framework in Frameworks */ = {isa = PBXBuildFile; fileRef = C951D3E413F87926001D12CD /* CoreData.framework */; };
		C951D3ED13F87926001D12CD /* main.m in Sources */ = {isa = PBXBuildFile; fileRef = C951D3EC13F87926001D12CD /* main.m */; };
		C951D3F113F87926001D12CD /* AppDelegate.m in Sources */ = {isa = PBXBuildFile; fileRef = C951D3F013F87926001D12CD /* AppDelegate.m */; };
		C951D3F713F87926001D12CD /* MasterViewController.m in Sources */ = {isa = PBXBuildFile; fileRef = C951D3F613F87926001D12CD /* MasterViewController.m */; };
		C951D3FA13F87926001D12CD /* DetailViewController.m in Sources */ = {isa = PBXBuildFile; fileRef = C951D3F913F87926001D12CD /* DetailViewController.m */; };
		C951D41013F87CEB001D12CD /* libCocoaPlant.a in Frameworks */ = {isa = PBXBuildFile; fileRef = C90B0CB313F55026009C18B1 /* libCocoaPlant.a */; };
		C951D41713F883BB001D12CD /* NSBundle+CocoaPlant.h in Headers */ = {isa = PBXBuildFile; fileRef = C951D41513F883BB001D12CD /* NSBundle+CocoaPlant.h */; settings = {ATTRIBUTES = (); }; };
		C951D41813F883BB001D12CD /* NSBundle+CocoaPlant.m in Sources */ = {isa = PBXBuildFile; fileRef = C951D41613F883BB001D12CD /* NSBundle+CocoaPlant.m */; };
		C976911213F8A71900B41267 /* CoreData.framework in Frameworks */ = {isa = PBXBuildFile; fileRef = C951D3E413F87926001D12CD /* CoreData.framework */; };
		C976911513F8AE9300B41267 /* Event.m in Sources */ = {isa = PBXBuildFile; fileRef = C976911413F8AE9300B41267 /* Event.m */; };
		C980C36B13F6A7DD0075AD0B /* UIKit.framework in Frameworks */ = {isa = PBXBuildFile; fileRef = C980C36A13F6A7DD0075AD0B /* UIKit.framework */; };
		C980C36E13F6A8930075AD0B /* Foundation.framework in Frameworks */ = {isa = PBXBuildFile; fileRef = C980C36D13F6A8930075AD0B /* Foundation.framework */; };
		C980C37013F6A8B90075AD0B /* SenTestingKit.framework in Frameworks */ = {isa = PBXBuildFile; fileRef = C980C36F13F6A8B90075AD0B /* SenTestingKit.framework */; };
		C980C39113F6CC940075AD0B /* NSFileManager+CocoaPlant.h in Headers */ = {isa = PBXBuildFile; fileRef = C980C37D13F6CC940075AD0B /* NSFileManager+CocoaPlant.h */; settings = {ATTRIBUTES = (); }; };
		C980C39213F6CC940075AD0B /* NSFileManager+CocoaPlant.m in Sources */ = {isa = PBXBuildFile; fileRef = C980C37E13F6CC940075AD0B /* NSFileManager+CocoaPlant.m */; };
		C980C39313F6CC940075AD0B /* NSString+CocoaPlant.h in Headers */ = {isa = PBXBuildFile; fileRef = C980C37F13F6CC940075AD0B /* NSString+CocoaPlant.h */; settings = {ATTRIBUTES = (); }; };
		C980C39413F6CC940075AD0B /* NSString+CocoaPlant.m in Sources */ = {isa = PBXBuildFile; fileRef = C980C38013F6CC940075AD0B /* NSString+CocoaPlant.m */; };
		C980C39513F6CC940075AD0B /* NSManagedObject+CocoaPlant.h in Headers */ = {isa = PBXBuildFile; fileRef = C980C38213F6CC940075AD0B /* NSManagedObject+CocoaPlant.h */; settings = {ATTRIBUTES = (); }; };
		C980C39613F6CC940075AD0B /* NSManagedObject+CocoaPlant.m in Sources */ = {isa = PBXBuildFile; fileRef = C980C38313F6CC940075AD0B /* NSManagedObject+CocoaPlant.m */; };
		C980C39713F6CC940075AD0B /* NSManagedObjectContext+CocoaPlant.h in Headers */ = {isa = PBXBuildFile; fileRef = C980C38413F6CC940075AD0B /* NSManagedObjectContext+CocoaPlant.h */; settings = {ATTRIBUTES = (); }; };
		C980C39813F6CC940075AD0B /* NSManagedObjectContext+CocoaPlant.m in Sources */ = {isa = PBXBuildFile; fileRef = C980C38513F6CC940075AD0B /* NSManagedObjectContext+CocoaPlant.m */; };
		C980C39913F6CC940075AD0B /* NSManagedObjectModel+CocoaPlant.h in Headers */ = {isa = PBXBuildFile; fileRef = C980C38613F6CC940075AD0B /* NSManagedObjectModel+CocoaPlant.h */; settings = {ATTRIBUTES = (); }; };
		C980C39A13F6CC940075AD0B /* NSManagedObjectModel+CocoaPlant.m in Sources */ = {isa = PBXBuildFile; fileRef = C980C38713F6CC940075AD0B /* NSManagedObjectModel+CocoaPlant.m */; };
		C980C39B13F6CC940075AD0B /* NSPersistentStore+CocoaPlant.h in Headers */ = {isa = PBXBuildFile; fileRef = C980C38813F6CC940075AD0B /* NSPersistentStore+CocoaPlant.h */; settings = {ATTRIBUTES = (); }; };
		C980C39C13F6CC940075AD0B /* NSPersistentStore+CocoaPlant.m in Sources */ = {isa = PBXBuildFile; fileRef = C980C38913F6CC940075AD0B /* NSPersistentStore+CocoaPlant.m */; };
		C980C39D13F6CC940075AD0B /* NSPersistentStoreCoordinator+CocoaPlant.h in Headers */ = {isa = PBXBuildFile; fileRef = C980C38A13F6CC940075AD0B /* NSPersistentStoreCoordinator+CocoaPlant.h */; settings = {ATTRIBUTES = (); }; };
		C980C39E13F6CC940075AD0B /* NSPersistentStoreCoordinator+CocoaPlant.m in Sources */ = {isa = PBXBuildFile; fileRef = C980C38B13F6CC940075AD0B /* NSPersistentStoreCoordinator+CocoaPlant.m */; };
		C980C39F13F6CC940075AD0B /* UIAlertView+CocoaPlant.h in Headers */ = {isa = PBXBuildFile; fileRef = C980C38D13F6CC940075AD0B /* UIAlertView+CocoaPlant.h */; settings = {ATTRIBUTES = (); }; };
		C980C3A013F6CC940075AD0B /* UIAlertView+CocoaPlant.m in Sources */ = {isa = PBXBuildFile; fileRef = C980C38E13F6CC940075AD0B /* UIAlertView+CocoaPlant.m */; };
		C980C3AC13F6CE910075AD0B /* NSFileManager+CocoaPlantTests.m in Sources */ = {isa = PBXBuildFile; fileRef = C980C3A313F6CE910075AD0B /* NSFileManager+CocoaPlantTests.m */; };
		C980C3AD13F6CE910075AD0B /* NSString+CocoaPlantTests.m in Sources */ = {isa = PBXBuildFile; fileRef = C980C3A413F6CE910075AD0B /* NSString+CocoaPlantTests.m */; };
		C980C3AE13F6CE910075AD0B /* NSManagedObject+CocoaPlantTests.m in Sources */ = {isa = PBXBuildFile; fileRef = C980C3A613F6CE910075AD0B /* NSManagedObject+CocoaPlantTests.m */; };
		C980C3AF13F6CE910075AD0B /* NSManagedObjectContext+CocoaPlantTests.m in Sources */ = {isa = PBXBuildFile; fileRef = C980C3A713F6CE910075AD0B /* NSManagedObjectContext+CocoaPlantTests.m */; };
		C980C3B013F6CE910075AD0B /* NSManagedObjectModel+CocoaPlantTests.m in Sources */ = {isa = PBXBuildFile; fileRef = C980C3A813F6CE910075AD0B /* NSManagedObjectModel+CocoaPlantTests.m */; };
		C980C3B113F6CE910075AD0B /* NSPersistentStore+CocoaPlantTests.m in Sources */ = {isa = PBXBuildFile; fileRef = C980C3A913F6CE910075AD0B /* NSPersistentStore+CocoaPlantTests.m */; };
		C980C3B213F6CE910075AD0B /* NSPersistentStoreCoordinator+CocoaPlantTests.m in Sources */ = {isa = PBXBuildFile; fileRef = C980C3AA13F6CE910075AD0B /* NSPersistentStoreCoordinator+CocoaPlantTests.m */; };
		C985E2B6144E7DEC0076418A /* UIView+CocoaPlant.h in Headers */ = {isa = PBXBuildFile; fileRef = C985E2B4144E7DEC0076418A /* UIView+CocoaPlant.h */; settings = {ATTRIBUTES = (); }; };
		C985E2B7144E7DEC0076418A /* UIView+CocoaPlant.m in Sources */ = {isa = PBXBuildFile; fileRef = C985E2B5144E7DEC0076418A /* UIView+CocoaPlant.m */; };
		C99A7CF914645EC800859245 /* UIView+CocoaPlantTests.m in Sources */ = {isa = PBXBuildFile; fileRef = C99A7CF814645EC800859245 /* UIView+CocoaPlantTests.m */; };
		C99A7CFE146460D700859245 /* CoreGraphics.framework in Frameworks */ = {isa = PBXBuildFile; fileRef = C99A7CFD146460D700859245 /* CoreGraphics.framework */; };
		C99F602A1479F3C30045512B /* NSSet+CocoaPlant.h in Headers */ = {isa = PBXBuildFile; fileRef = C99F60281479F3C30045512B /* NSSet+CocoaPlant.h */; };
		C99F602B1479F3C30045512B /* NSSet+CocoaPlant.m in Sources */ = {isa = PBXBuildFile; fileRef = C99F60291479F3C30045512B /* NSSet+CocoaPlant.m */; };
		C99F60301479F5330045512B /* NSSet+CocoaPlantTests.m in Sources */ = {isa = PBXBuildFile; fileRef = C99F602F1479F5330045512B /* NSSet+CocoaPlantTests.m */; };
		C9AD93E9145654CB00871695 /* CPCoreDataTableViewController.h in Headers */ = {isa = PBXBuildFile; fileRef = C9AD93E7145654CB00871695 /* CPCoreDataTableViewController.h */; settings = {ATTRIBUTES = (); }; };
		C9AD93EA145654CB00871695 /* CPCoreDataTableViewController.m in Sources */ = {isa = PBXBuildFile; fileRef = C9AD93E8145654CB00871695 /* CPCoreDataTableViewController.m */; };
		C9C244321468268000CF83A8 /* UINavigationController+CocoaPlant.h in Headers */ = {isa = PBXBuildFile; fileRef = C9C244301468268000CF83A8 /* UINavigationController+CocoaPlant.h */; settings = {ATTRIBUTES = (); }; };
		C9C244331468268000CF83A8 /* UINavigationController+CocoaPlant.m in Sources */ = {isa = PBXBuildFile; fileRef = C9C244311468268000CF83A8 /* UINavigationController+CocoaPlant.m */; };
		C9C24438146826B600CF83A8 /* UINavigationController+CocoaPlantTests.m in Sources */ = {isa = PBXBuildFile; fileRef = C9C24437146826B600CF83A8 /* UINavigationController+CocoaPlantTests.m */; };
		C9E3FA0E143BBA68001E0880 /* CocoaPlantDefines.h in Headers */ = {isa = PBXBuildFile; fileRef = C980C3B313F6CF2A0075AD0B /* CocoaPlantDefines.h */; settings = {ATTRIBUTES = (); }; };
		C9ED9F9D148DF1A8008A52B0 /* UIViewController+CocoaPlant.h in Headers */ = {isa = PBXBuildFile; fileRef = C9ED9F9B148DF1A8008A52B0 /* UIViewController+CocoaPlant.h */; };
		C9ED9F9E148DF1A8008A52B0 /* UIViewController+CocoaPlant.m in Sources */ = {isa = PBXBuildFile; fileRef = C9ED9F9C148DF1A8008A52B0 /* UIViewController+CocoaPlant.m */; };
		C9F182AF13F8BAA30026AF0D /* NSBundle+CocoaPlantTests.m in Sources */ = {isa = PBXBuildFile; fileRef = C9F182AE13F8BAA30026AF0D /* NSBundle+CocoaPlantTests.m */; };
		C9F182B813F8BE170026AF0D /* CocoaPlantApp.xcdatamodeld in Sources */ = {isa = PBXBuildFile; fileRef = C9F182B113F8BD980026AF0D /* CocoaPlantApp.xcdatamodeld */; };
		C9F182EE13F8BF470026AF0D /* Foundation.framework in Frameworks */ = {isa = PBXBuildFile; fileRef = C980C36D13F6A8930075AD0B /* Foundation.framework */; };
		C9F182EF13F8BF500026AF0D /* UIKit.framework in Frameworks */ = {isa = PBXBuildFile; fileRef = C980C36A13F6A7DD0075AD0B /* UIKit.framework */; };
		C9F182F013F8BF540026AF0D /* CoreData.framework in Frameworks */ = {isa = PBXBuildFile; fileRef = C951D3E413F87926001D12CD /* CoreData.framework */; };
/* End PBXBuildFile section */

/* Begin PBXContainerItemProxy section */
		C90718341422C98100C20915 /* PBXContainerItemProxy */ = {
			isa = PBXContainerItemProxy;
			containerPortal = C98CEF4113F6A3A5006B3659 /* Kiwi.xcodeproj */;
			proxyType = 2;
			remoteGlobalIDString = F5015B9F11583A77002E9A98;
			remoteInfo = Kiwi;
		};
		C90718361422C98100C20915 /* PBXContainerItemProxy */ = {
			isa = PBXContainerItemProxy;
			containerPortal = C98CEF4113F6A3A5006B3659 /* Kiwi.xcodeproj */;
			proxyType = 2;
			remoteGlobalIDString = F5015C9E11584017002E9A98;
			remoteInfo = KiwiTests;
		};
		C90718381422C98100C20915 /* PBXContainerItemProxy */ = {
			isa = PBXContainerItemProxy;
			containerPortal = C98CEF4113F6A3A5006B3659 /* Kiwi.xcodeproj */;
			proxyType = 2;
			remoteGlobalIDString = A3B16542139967B800E9CC6E;
			remoteInfo = KiwiExamples;
		};
		C90718561422D7AC00C20915 /* PBXContainerItemProxy */ = {
			isa = PBXContainerItemProxy;
			containerPortal = C98CEF4113F6A3A5006B3659 /* Kiwi.xcodeproj */;
			proxyType = 1;
			remoteGlobalIDString = F5015B9E11583A77002E9A98;
			remoteInfo = Kiwi;
		};
		C90F3E5913F9FF04002C16ED /* PBXContainerItemProxy */ = {
			isa = PBXContainerItemProxy;
			containerPortal = C90B0CAA13F55026009C18B1 /* Project object */;
			proxyType = 1;
			remoteGlobalIDString = C951D3DF13F87926001D12CD;
			remoteInfo = CocoaPlantApp;
		};
		C951D40E13F87CE0001D12CD /* PBXContainerItemProxy */ = {
			isa = PBXContainerItemProxy;
			containerPortal = C90B0CAA13F55026009C18B1 /* Project object */;
			proxyType = 1;
			remoteGlobalIDString = C90B0CB213F55026009C18B1;
			remoteInfo = CocoaPlant;
		};
/* End PBXContainerItemProxy section */

/* Begin PBXFileReference section */
		9C0EF76B146B0D9B00CE4AE5 /* CPResourcefulManagedObject.h */ = {isa = PBXFileReference; fileEncoding = 4; lastKnownFileType = sourcecode.c.h; lineEnding = 0; path = CPResourcefulManagedObject.h; sourceTree = "<group>"; xcLanguageSpecificationIdentifier = xcode.lang.objcpp; };
		9C0EF76C146B0D9B00CE4AE5 /* CPResourcefulManagedObject.m */ = {isa = PBXFileReference; fileEncoding = 4; lastKnownFileType = sourcecode.c.objc; path = CPResourcefulManagedObject.m; sourceTree = "<group>"; };
		C90B0CB313F55026009C18B1 /* libCocoaPlant.a */ = {isa = PBXFileReference; explicitFileType = archive.ar; includeInIndex = 0; path = libCocoaPlant.a; sourceTree = BUILT_PRODUCTS_DIR; };
		C90B0CBA13F55026009C18B1 /* CocoaPlant-Prefix.pch */ = {isa = PBXFileReference; lastKnownFileType = sourcecode.c.h; path = "CocoaPlant-Prefix.pch"; sourceTree = "<group>"; };
		C90B0CBB13F55026009C18B1 /* CocoaPlant.h */ = {isa = PBXFileReference; lastKnownFileType = sourcecode.c.h; lineEnding = 0; path = CocoaPlant.h; sourceTree = "<group>"; xcLanguageSpecificationIdentifier = xcode.lang.objcpp; };
		C90B0CC313F55026009C18B1 /* CocoaPlantSpecs.octest */ = {isa = PBXFileReference; explicitFileType = wrapper.cfbundle; includeInIndex = 0; path = CocoaPlantSpecs.octest; sourceTree = BUILT_PRODUCTS_DIR; };
		C92C58F81401A47600C606DA /* NSSortDescriptor+CocoaPlant.h */ = {isa = PBXFileReference; fileEncoding = 4; lastKnownFileType = sourcecode.c.h; path = "NSSortDescriptor+CocoaPlant.h"; sourceTree = "<group>"; };
		C92C58F91401A47600C606DA /* NSSortDescriptor+CocoaPlant.m */ = {isa = PBXFileReference; fileEncoding = 4; lastKnownFileType = sourcecode.c.objc; path = "NSSortDescriptor+CocoaPlant.m"; sourceTree = "<group>"; };
		C951D3E013F87926001D12CD /* CocoaPlantApp.app */ = {isa = PBXFileReference; explicitFileType = wrapper.application; includeInIndex = 0; path = CocoaPlantApp.app; sourceTree = BUILT_PRODUCTS_DIR; };
		C951D3E413F87926001D12CD /* CoreData.framework */ = {isa = PBXFileReference; lastKnownFileType = wrapper.framework; name = CoreData.framework; path = System/Library/Frameworks/CoreData.framework; sourceTree = SDKROOT; };
		C951D3E813F87926001D12CD /* CocoaPlantApp-Info.plist */ = {isa = PBXFileReference; lastKnownFileType = text.plist.xml; path = "CocoaPlantApp-Info.plist"; sourceTree = "<group>"; };
		C951D3EC13F87926001D12CD /* main.m */ = {isa = PBXFileReference; lastKnownFileType = sourcecode.c.objc; path = main.m; sourceTree = "<group>"; };
		C951D3EE13F87926001D12CD /* CocoaPlantApp-Prefix.pch */ = {isa = PBXFileReference; lastKnownFileType = sourcecode.c.h; path = "CocoaPlantApp-Prefix.pch"; sourceTree = "<group>"; };
		C951D3EF13F87926001D12CD /* AppDelegate.h */ = {isa = PBXFileReference; lastKnownFileType = sourcecode.c.h; path = AppDelegate.h; sourceTree = "<group>"; };
		C951D3F013F87926001D12CD /* AppDelegate.m */ = {isa = PBXFileReference; lastKnownFileType = sourcecode.c.objc; lineEnding = 0; path = AppDelegate.m; sourceTree = "<group>"; xcLanguageSpecificationIdentifier = xcode.lang.objc; };
		C951D3F513F87926001D12CD /* MasterViewController.h */ = {isa = PBXFileReference; lastKnownFileType = sourcecode.c.h; lineEnding = 0; path = MasterViewController.h; sourceTree = "<group>"; xcLanguageSpecificationIdentifier = xcode.lang.objcpp; };
		C951D3F613F87926001D12CD /* MasterViewController.m */ = {isa = PBXFileReference; lastKnownFileType = sourcecode.c.objc; lineEnding = 0; path = MasterViewController.m; sourceTree = "<group>"; xcLanguageSpecificationIdentifier = xcode.lang.objc; };
		C951D3F813F87926001D12CD /* DetailViewController.h */ = {isa = PBXFileReference; lastKnownFileType = sourcecode.c.h; path = DetailViewController.h; sourceTree = "<group>"; };
		C951D3F913F87926001D12CD /* DetailViewController.m */ = {isa = PBXFileReference; lastKnownFileType = sourcecode.c.objc; path = DetailViewController.m; sourceTree = "<group>"; };
		C951D41513F883BB001D12CD /* NSBundle+CocoaPlant.h */ = {isa = PBXFileReference; fileEncoding = 4; lastKnownFileType = sourcecode.c.h; path = "NSBundle+CocoaPlant.h"; sourceTree = "<group>"; };
		C951D41613F883BB001D12CD /* NSBundle+CocoaPlant.m */ = {isa = PBXFileReference; fileEncoding = 4; lastKnownFileType = sourcecode.c.objc; path = "NSBundle+CocoaPlant.m"; sourceTree = "<group>"; };
		C976911313F8AE9300B41267 /* Event.h */ = {isa = PBXFileReference; fileEncoding = 4; lastKnownFileType = sourcecode.c.h; path = Event.h; sourceTree = "<group>"; };
		C976911413F8AE9300B41267 /* Event.m */ = {isa = PBXFileReference; fileEncoding = 4; lastKnownFileType = sourcecode.c.objc; path = Event.m; sourceTree = "<group>"; };
		C980C36A13F6A7DD0075AD0B /* UIKit.framework */ = {isa = PBXFileReference; lastKnownFileType = wrapper.framework; name = UIKit.framework; path = System/Library/Frameworks/UIKit.framework; sourceTree = SDKROOT; };
		C980C36D13F6A8930075AD0B /* Foundation.framework */ = {isa = PBXFileReference; lastKnownFileType = wrapper.framework; name = Foundation.framework; path = System/Library/Frameworks/Foundation.framework; sourceTree = SDKROOT; };
		C980C36F13F6A8B90075AD0B /* SenTestingKit.framework */ = {isa = PBXFileReference; lastKnownFileType = wrapper.framework; name = SenTestingKit.framework; path = Library/Frameworks/SenTestingKit.framework; sourceTree = DEVELOPER_DIR; };
		C980C37D13F6CC940075AD0B /* NSFileManager+CocoaPlant.h */ = {isa = PBXFileReference; fileEncoding = 4; lastKnownFileType = sourcecode.c.h; path = "NSFileManager+CocoaPlant.h"; sourceTree = "<group>"; };
		C980C37E13F6CC940075AD0B /* NSFileManager+CocoaPlant.m */ = {isa = PBXFileReference; fileEncoding = 4; lastKnownFileType = sourcecode.c.objc; path = "NSFileManager+CocoaPlant.m"; sourceTree = "<group>"; };
		C980C37F13F6CC940075AD0B /* NSString+CocoaPlant.h */ = {isa = PBXFileReference; fileEncoding = 4; lastKnownFileType = sourcecode.c.h; path = "NSString+CocoaPlant.h"; sourceTree = "<group>"; };
		C980C38013F6CC940075AD0B /* NSString+CocoaPlant.m */ = {isa = PBXFileReference; fileEncoding = 4; lastKnownFileType = sourcecode.c.objc; path = "NSString+CocoaPlant.m"; sourceTree = "<group>"; };
		C980C38213F6CC940075AD0B /* NSManagedObject+CocoaPlant.h */ = {isa = PBXFileReference; fileEncoding = 4; lastKnownFileType = sourcecode.c.h; path = "NSManagedObject+CocoaPlant.h"; sourceTree = "<group>"; };
		C980C38313F6CC940075AD0B /* NSManagedObject+CocoaPlant.m */ = {isa = PBXFileReference; fileEncoding = 4; lastKnownFileType = sourcecode.c.objc; path = "NSManagedObject+CocoaPlant.m"; sourceTree = "<group>"; };
		C980C38413F6CC940075AD0B /* NSManagedObjectContext+CocoaPlant.h */ = {isa = PBXFileReference; fileEncoding = 4; lastKnownFileType = sourcecode.c.h; path = "NSManagedObjectContext+CocoaPlant.h"; sourceTree = "<group>"; };
		C980C38513F6CC940075AD0B /* NSManagedObjectContext+CocoaPlant.m */ = {isa = PBXFileReference; fileEncoding = 4; lastKnownFileType = sourcecode.c.objc; path = "NSManagedObjectContext+CocoaPlant.m"; sourceTree = "<group>"; };
		C980C38613F6CC940075AD0B /* NSManagedObjectModel+CocoaPlant.h */ = {isa = PBXFileReference; fileEncoding = 4; lastKnownFileType = sourcecode.c.h; path = "NSManagedObjectModel+CocoaPlant.h"; sourceTree = "<group>"; };
		C980C38713F6CC940075AD0B /* NSManagedObjectModel+CocoaPlant.m */ = {isa = PBXFileReference; fileEncoding = 4; lastKnownFileType = sourcecode.c.objc; path = "NSManagedObjectModel+CocoaPlant.m"; sourceTree = "<group>"; };
		C980C38813F6CC940075AD0B /* NSPersistentStore+CocoaPlant.h */ = {isa = PBXFileReference; fileEncoding = 4; lastKnownFileType = sourcecode.c.h; path = "NSPersistentStore+CocoaPlant.h"; sourceTree = "<group>"; };
		C980C38913F6CC940075AD0B /* NSPersistentStore+CocoaPlant.m */ = {isa = PBXFileReference; fileEncoding = 4; lastKnownFileType = sourcecode.c.objc; path = "NSPersistentStore+CocoaPlant.m"; sourceTree = "<group>"; };
		C980C38A13F6CC940075AD0B /* NSPersistentStoreCoordinator+CocoaPlant.h */ = {isa = PBXFileReference; fileEncoding = 4; lastKnownFileType = sourcecode.c.h; path = "NSPersistentStoreCoordinator+CocoaPlant.h"; sourceTree = "<group>"; };
		C980C38B13F6CC940075AD0B /* NSPersistentStoreCoordinator+CocoaPlant.m */ = {isa = PBXFileReference; fileEncoding = 4; lastKnownFileType = sourcecode.c.objc; path = "NSPersistentStoreCoordinator+CocoaPlant.m"; sourceTree = "<group>"; };
		C980C38D13F6CC940075AD0B /* UIAlertView+CocoaPlant.h */ = {isa = PBXFileReference; fileEncoding = 4; lastKnownFileType = sourcecode.c.h; path = "UIAlertView+CocoaPlant.h"; sourceTree = "<group>"; };
		C980C38E13F6CC940075AD0B /* UIAlertView+CocoaPlant.m */ = {isa = PBXFileReference; fileEncoding = 4; lastKnownFileType = sourcecode.c.objc; path = "UIAlertView+CocoaPlant.m"; sourceTree = "<group>"; };
		C980C3A313F6CE910075AD0B /* NSFileManager+CocoaPlantTests.m */ = {isa = PBXFileReference; fileEncoding = 4; lastKnownFileType = sourcecode.c.objc; path = "NSFileManager+CocoaPlantTests.m"; sourceTree = "<group>"; };
		C980C3A413F6CE910075AD0B /* NSString+CocoaPlantTests.m */ = {isa = PBXFileReference; fileEncoding = 4; lastKnownFileType = sourcecode.c.objc; path = "NSString+CocoaPlantTests.m"; sourceTree = "<group>"; };
		C980C3A613F6CE910075AD0B /* NSManagedObject+CocoaPlantTests.m */ = {isa = PBXFileReference; fileEncoding = 4; lastKnownFileType = sourcecode.c.objc; path = "NSManagedObject+CocoaPlantTests.m"; sourceTree = "<group>"; };
		C980C3A713F6CE910075AD0B /* NSManagedObjectContext+CocoaPlantTests.m */ = {isa = PBXFileReference; fileEncoding = 4; lastKnownFileType = sourcecode.c.objc; path = "NSManagedObjectContext+CocoaPlantTests.m"; sourceTree = "<group>"; };
		C980C3A813F6CE910075AD0B /* NSManagedObjectModel+CocoaPlantTests.m */ = {isa = PBXFileReference; fileEncoding = 4; lastKnownFileType = sourcecode.c.objc; path = "NSManagedObjectModel+CocoaPlantTests.m"; sourceTree = "<group>"; };
		C980C3A913F6CE910075AD0B /* NSPersistentStore+CocoaPlantTests.m */ = {isa = PBXFileReference; fileEncoding = 4; lastKnownFileType = sourcecode.c.objc; path = "NSPersistentStore+CocoaPlantTests.m"; sourceTree = "<group>"; };
		C980C3AA13F6CE910075AD0B /* NSPersistentStoreCoordinator+CocoaPlantTests.m */ = {isa = PBXFileReference; fileEncoding = 4; lastKnownFileType = sourcecode.c.objc; path = "NSPersistentStoreCoordinator+CocoaPlantTests.m"; sourceTree = "<group>"; };
		C980C3B313F6CF2A0075AD0B /* CocoaPlantDefines.h */ = {isa = PBXFileReference; lastKnownFileType = sourcecode.c.h; path = CocoaPlantDefines.h; sourceTree = "<group>"; };
		C980C3C113F6CF550075AD0B /* CocoaPlantSpecs-Prefix.pch */ = {isa = PBXFileReference; lastKnownFileType = sourcecode.c.h; path = "CocoaPlantSpecs-Prefix.pch"; sourceTree = "<group>"; };
		C985E2B4144E7DEC0076418A /* UIView+CocoaPlant.h */ = {isa = PBXFileReference; fileEncoding = 4; lastKnownFileType = sourcecode.c.h; path = "UIView+CocoaPlant.h"; sourceTree = "<group>"; };
		C985E2B5144E7DEC0076418A /* UIView+CocoaPlant.m */ = {isa = PBXFileReference; fileEncoding = 4; lastKnownFileType = sourcecode.c.objc; path = "UIView+CocoaPlant.m"; sourceTree = "<group>"; };
		C98CEF4113F6A3A5006B3659 /* Kiwi.xcodeproj */ = {isa = PBXFileReference; lastKnownFileType = "wrapper.pb-project"; name = Kiwi.xcodeproj; path = Kiwi/Kiwi.xcodeproj; sourceTree = "<group>"; };
		C99A7CF814645EC800859245 /* UIView+CocoaPlantTests.m */ = {isa = PBXFileReference; fileEncoding = 4; lastKnownFileType = sourcecode.c.objc; path = "UIView+CocoaPlantTests.m"; sourceTree = "<group>"; };
		C99A7CFD146460D700859245 /* CoreGraphics.framework */ = {isa = PBXFileReference; lastKnownFileType = wrapper.framework; name = CoreGraphics.framework; path = System/Library/Frameworks/CoreGraphics.framework; sourceTree = SDKROOT; };
		C99F60281479F3C30045512B /* NSSet+CocoaPlant.h */ = {isa = PBXFileReference; fileEncoding = 4; lastKnownFileType = sourcecode.c.h; path = "NSSet+CocoaPlant.h"; sourceTree = "<group>"; };
		C99F60291479F3C30045512B /* NSSet+CocoaPlant.m */ = {isa = PBXFileReference; fileEncoding = 4; lastKnownFileType = sourcecode.c.objc; path = "NSSet+CocoaPlant.m"; sourceTree = "<group>"; };
		C99F602F1479F5330045512B /* NSSet+CocoaPlantTests.m */ = {isa = PBXFileReference; fileEncoding = 4; lastKnownFileType = sourcecode.c.objc; path = "NSSet+CocoaPlantTests.m"; sourceTree = "<group>"; };
		C9AD93E7145654CB00871695 /* CPCoreDataTableViewController.h */ = {isa = PBXFileReference; fileEncoding = 4; lastKnownFileType = sourcecode.c.h; lineEnding = 0; path = CPCoreDataTableViewController.h; sourceTree = "<group>"; xcLanguageSpecificationIdentifier = xcode.lang.objcpp; };
		C9AD93E8145654CB00871695 /* CPCoreDataTableViewController.m */ = {isa = PBXFileReference; fileEncoding = 4; lastKnownFileType = sourcecode.c.objc; lineEnding = 0; path = CPCoreDataTableViewController.m; sourceTree = "<group>"; xcLanguageSpecificationIdentifier = xcode.lang.objc; };
		C9C244301468268000CF83A8 /* UINavigationController+CocoaPlant.h */ = {isa = PBXFileReference; fileEncoding = 4; lastKnownFileType = sourcecode.c.h; path = "UINavigationController+CocoaPlant.h"; sourceTree = "<group>"; };
		C9C244311468268000CF83A8 /* UINavigationController+CocoaPlant.m */ = {isa = PBXFileReference; fileEncoding = 4; lastKnownFileType = sourcecode.c.objc; path = "UINavigationController+CocoaPlant.m"; sourceTree = "<group>"; };
		C9C24437146826B600CF83A8 /* UINavigationController+CocoaPlantTests.m */ = {isa = PBXFileReference; fileEncoding = 4; lastKnownFileType = sourcecode.c.objc; path = "UINavigationController+CocoaPlantTests.m"; sourceTree = "<group>"; };
		C9ED9F9B148DF1A8008A52B0 /* UIViewController+CocoaPlant.h */ = {isa = PBXFileReference; fileEncoding = 4; lastKnownFileType = sourcecode.c.h; path = "UIViewController+CocoaPlant.h"; sourceTree = "<group>"; };
		C9ED9F9C148DF1A8008A52B0 /* UIViewController+CocoaPlant.m */ = {isa = PBXFileReference; fileEncoding = 4; lastKnownFileType = sourcecode.c.objc; path = "UIViewController+CocoaPlant.m"; sourceTree = "<group>"; };
		C9F182AE13F8BAA30026AF0D /* NSBundle+CocoaPlantTests.m */ = {isa = PBXFileReference; fileEncoding = 4; lastKnownFileType = sourcecode.c.objc; path = "NSBundle+CocoaPlantTests.m"; sourceTree = "<group>"; };
		C9F182B213F8BD980026AF0D /* CocoaPlantApp.xcdatamodel */ = {isa = PBXFileReference; lastKnownFileType = wrapper.xcdatamodel; path = CocoaPlantApp.xcdatamodel; sourceTree = "<group>"; };
/* End PBXFileReference section */

/* Begin PBXFrameworksBuildPhase section */
		C90B0CB013F55026009C18B1 /* Frameworks */ = {
			isa = PBXFrameworksBuildPhase;
			buildActionMask = 2147483647;
			files = (
				C9F182EE13F8BF470026AF0D /* Foundation.framework in Frameworks */,
				C9F182EF13F8BF500026AF0D /* UIKit.framework in Frameworks */,
				C9F182F013F8BF540026AF0D /* CoreData.framework in Frameworks */,
			);
			runOnlyForDeploymentPostprocessing = 0;
		};
		C90B0CBF13F55026009C18B1 /* Frameworks */ = {
			isa = PBXFrameworksBuildPhase;
			buildActionMask = 2147483647;
			files = (
				C980C36E13F6A8930075AD0B /* Foundation.framework in Frameworks */,
				C980C36B13F6A7DD0075AD0B /* UIKit.framework in Frameworks */,
				C99A7CFE146460D700859245 /* CoreGraphics.framework in Frameworks */,
				C976911213F8A71900B41267 /* CoreData.framework in Frameworks */,
				C980C37013F6A8B90075AD0B /* SenTestingKit.framework in Frameworks */,
				C90B0CCB13F55026009C18B1 /* libCocoaPlant.a in Frameworks */,
				C90718631422D82000C20915 /* libKiwi.a in Frameworks */,
			);
			runOnlyForDeploymentPostprocessing = 0;
		};
		C951D3DD13F87926001D12CD /* Frameworks */ = {
			isa = PBXFrameworksBuildPhase;
			buildActionMask = 2147483647;
			files = (
				C951D3E313F87926001D12CD /* Foundation.framework in Frameworks */,
				C951D3E213F87926001D12CD /* UIKit.framework in Frameworks */,
				C951D3E513F87926001D12CD /* CoreData.framework in Frameworks */,
				C951D41013F87CEB001D12CD /* libCocoaPlant.a in Frameworks */,
			);
			runOnlyForDeploymentPostprocessing = 0;
		};
/* End PBXFrameworksBuildPhase section */

/* Begin PBXGroup section */
		C901A25D145F5849007D6D75 /* UIPlant */ = {
			isa = PBXGroup;
			children = (
				C99A7CF814645EC800859245 /* UIView+CocoaPlantTests.m */,
				C9C24437146826B600CF83A8 /* UINavigationController+CocoaPlantTests.m */,
			);
			name = UIPlant;
			sourceTree = "<group>";
		};
		C907182F1422C98100C20915 /* Products */ = {
			isa = PBXGroup;
			children = (
				C90718351422C98100C20915 /* libKiwi.a */,
				C90718371422C98100C20915 /* KiwiTests.octest */,
				C90718391422C98100C20915 /* KiwiExamples.octest */,
			);
			name = Products;
			sourceTree = "<group>";
		};
		C90B0CA813F55026009C18B1 = {
			isa = PBXGroup;
			children = (
				C90B0CB813F55026009C18B1 /* CocoaPlant */,
				C951D3E613F87926001D12CD /* CocoaPlantApp */,
				C90B0CCC13F55026009C18B1 /* CocoaPlantSpecs */,
				C90B0CB513F55026009C18B1 /* Frameworks */,
				C90B0CB413F55026009C18B1 /* Products */,
				C98CEF3F13F6A364006B3659 /* Libraries */,
			);
			sourceTree = "<group>";
		};
		C90B0CB413F55026009C18B1 /* Products */ = {
			isa = PBXGroup;
			children = (
				C90B0CB313F55026009C18B1 /* libCocoaPlant.a */,
				C90B0CC313F55026009C18B1 /* CocoaPlantSpecs.octest */,
				C951D3E013F87926001D12CD /* CocoaPlantApp.app */,
			);
			name = Products;
			sourceTree = "<group>";
		};
		C90B0CB513F55026009C18B1 /* Frameworks */ = {
			isa = PBXGroup;
			children = (
				C980C36D13F6A8930075AD0B /* Foundation.framework */,
				C980C36A13F6A7DD0075AD0B /* UIKit.framework */,
				C99A7CFD146460D700859245 /* CoreGraphics.framework */,
				C951D3E413F87926001D12CD /* CoreData.framework */,
				C980C36F13F6A8B90075AD0B /* SenTestingKit.framework */,
			);
			name = Frameworks;
			sourceTree = "<group>";
		};
		C90B0CB813F55026009C18B1 /* CocoaPlant */ = {
			isa = PBXGroup;
			children = (
				C90B0CBB13F55026009C18B1 /* CocoaPlant.h */,
				C980C3B313F6CF2A0075AD0B /* CocoaPlantDefines.h */,
				C980C37A13F6CC940075AD0B /* Plantation */,
				C980C38C13F6CC940075AD0B /* UIPlant */,
				C980C38113F6CC940075AD0B /* PlantData */,
				C90B0CB913F55026009C18B1 /* Supporting Files */,
			);
			path = CocoaPlant;
			sourceTree = "<group>";
		};
		C90B0CB913F55026009C18B1 /* Supporting Files */ = {
			isa = PBXGroup;
			children = (
				C90B0CBA13F55026009C18B1 /* CocoaPlant-Prefix.pch */,
			);
			name = "Supporting Files";
			sourceTree = "<group>";
		};
		C90B0CCC13F55026009C18B1 /* CocoaPlantSpecs */ = {
			isa = PBXGroup;
			children = (
				C980C3A113F6CE910075AD0B /* Plantation */,
				C901A25D145F5849007D6D75 /* UIPlant */,
				C980C3A513F6CE910075AD0B /* PlantData */,
				C980C3C013F6CF550075AD0B /* Supporting Files */,
			);
			path = CocoaPlantSpecs;
			sourceTree = "<group>";
		};
		C951D3E613F87926001D12CD /* CocoaPlantApp */ = {
			isa = PBXGroup;
			children = (
				C951D3EF13F87926001D12CD /* AppDelegate.h */,
				C951D3F013F87926001D12CD /* AppDelegate.m */,
				C9F182B013F8BCE50026AF0D /* Controllers */,
				C976911613F8AEB500B41267 /* Models */,
				C951D3E713F87926001D12CD /* Supporting Files */,
			);
			path = CocoaPlantApp;
			sourceTree = "<group>";
		};
		C951D3E713F87926001D12CD /* Supporting Files */ = {
			isa = PBXGroup;
			children = (
				C951D3E813F87926001D12CD /* CocoaPlantApp-Info.plist */,
				C951D3EC13F87926001D12CD /* main.m */,
				C951D3EE13F87926001D12CD /* CocoaPlantApp-Prefix.pch */,
			);
			name = "Supporting Files";
			sourceTree = "<group>";
		};
		C976911613F8AEB500B41267 /* Models */ = {
			isa = PBXGroup;
			children = (
				C9F182B113F8BD980026AF0D /* CocoaPlantApp.xcdatamodeld */,
				C976911313F8AE9300B41267 /* Event.h */,
				C976911413F8AE9300B41267 /* Event.m */,
			);
			name = Models;
			sourceTree = "<group>";
		};
		C980C37A13F6CC940075AD0B /* Plantation */ = {
			isa = PBXGroup;
			children = (
				C951D41513F883BB001D12CD /* NSBundle+CocoaPlant.h */,
				C951D41613F883BB001D12CD /* NSBundle+CocoaPlant.m */,
				C980C37D13F6CC940075AD0B /* NSFileManager+CocoaPlant.h */,
				C980C37E13F6CC940075AD0B /* NSFileManager+CocoaPlant.m */,
				C99F60281479F3C30045512B /* NSSet+CocoaPlant.h */,
				C99F60291479F3C30045512B /* NSSet+CocoaPlant.m */,
				C980C37F13F6CC940075AD0B /* NSString+CocoaPlant.h */,
				C980C38013F6CC940075AD0B /* NSString+CocoaPlant.m */,
			);
			name = Plantation;
			sourceTree = "<group>";
		};
		C980C38113F6CC940075AD0B /* PlantData */ = {
			isa = PBXGroup;
			children = (
				C980C38213F6CC940075AD0B /* NSManagedObject+CocoaPlant.h */,
				C980C38313F6CC940075AD0B /* NSManagedObject+CocoaPlant.m */,
				C980C38413F6CC940075AD0B /* NSManagedObjectContext+CocoaPlant.h */,
				C980C38513F6CC940075AD0B /* NSManagedObjectContext+CocoaPlant.m */,
				C980C38613F6CC940075AD0B /* NSManagedObjectModel+CocoaPlant.h */,
				C980C38713F6CC940075AD0B /* NSManagedObjectModel+CocoaPlant.m */,
				C980C38813F6CC940075AD0B /* NSPersistentStore+CocoaPlant.h */,
				C980C38913F6CC940075AD0B /* NSPersistentStore+CocoaPlant.m */,
				C980C38A13F6CC940075AD0B /* NSPersistentStoreCoordinator+CocoaPlant.h */,
				C980C38B13F6CC940075AD0B /* NSPersistentStoreCoordinator+CocoaPlant.m */,
				C92C58F81401A47600C606DA /* NSSortDescriptor+CocoaPlant.h */,
				C92C58F91401A47600C606DA /* NSSortDescriptor+CocoaPlant.m */,
				C9AD93E7145654CB00871695 /* CPCoreDataTableViewController.h */,
				C9AD93E8145654CB00871695 /* CPCoreDataTableViewController.m */,
				9C0EF76B146B0D9B00CE4AE5 /* CPResourcefulManagedObject.h */,
				9C0EF76C146B0D9B00CE4AE5 /* CPResourcefulManagedObject.m */,
			);
			name = PlantData;
			sourceTree = "<group>";
		};
		C980C38C13F6CC940075AD0B /* UIPlant */ = {
			isa = PBXGroup;
			children = (
				C980C38D13F6CC940075AD0B /* UIAlertView+CocoaPlant.h */,
				C980C38E13F6CC940075AD0B /* UIAlertView+CocoaPlant.m */,
				C9C244301468268000CF83A8 /* UINavigationController+CocoaPlant.h */,
				C9C244311468268000CF83A8 /* UINavigationController+CocoaPlant.m */,
				C985E2B4144E7DEC0076418A /* UIView+CocoaPlant.h */,
				C985E2B5144E7DEC0076418A /* UIView+CocoaPlant.m */,
				C9ED9F9B148DF1A8008A52B0 /* UIViewController+CocoaPlant.h */,
				C9ED9F9C148DF1A8008A52B0 /* UIViewController+CocoaPlant.m */,
			);
			name = UIPlant;
			sourceTree = "<group>";
		};
		C980C3A113F6CE910075AD0B /* Plantation */ = {
			isa = PBXGroup;
			children = (
				C9F182AE13F8BAA30026AF0D /* NSBundle+CocoaPlantTests.m */,
				C980C3A313F6CE910075AD0B /* NSFileManager+CocoaPlantTests.m */,
				C99F602F1479F5330045512B /* NSSet+CocoaPlantTests.m */,
				C980C3A413F6CE910075AD0B /* NSString+CocoaPlantTests.m */,
			);
			name = Plantation;
			sourceTree = "<group>";
		};
		C980C3A513F6CE910075AD0B /* PlantData */ = {
			isa = PBXGroup;
			children = (
				C980C3A613F6CE910075AD0B /* NSManagedObject+CocoaPlantTests.m */,
				C980C3A713F6CE910075AD0B /* NSManagedObjectContext+CocoaPlantTests.m */,
				C980C3A813F6CE910075AD0B /* NSManagedObjectModel+CocoaPlantTests.m */,
				C980C3A913F6CE910075AD0B /* NSPersistentStore+CocoaPlantTests.m */,
				C980C3AA13F6CE910075AD0B /* NSPersistentStoreCoordinator+CocoaPlantTests.m */,
			);
			name = PlantData;
			sourceTree = "<group>";
		};
		C980C3C013F6CF550075AD0B /* Supporting Files */ = {
			isa = PBXGroup;
			children = (
				C980C3C113F6CF550075AD0B /* CocoaPlantSpecs-Prefix.pch */,
			);
			name = "Supporting Files";
			sourceTree = "<group>";
		};
		C98CEF3F13F6A364006B3659 /* Libraries */ = {
			isa = PBXGroup;
			children = (
				C98CEF4113F6A3A5006B3659 /* Kiwi.xcodeproj */,
			);
			path = Libraries;
			sourceTree = "<group>";
		};
		C9F182B013F8BCE50026AF0D /* Controllers */ = {
			isa = PBXGroup;
			children = (
				C951D3F513F87926001D12CD /* MasterViewController.h */,
				C951D3F613F87926001D12CD /* MasterViewController.m */,
				C951D3F813F87926001D12CD /* DetailViewController.h */,
				C951D3F913F87926001D12CD /* DetailViewController.m */,
			);
			name = Controllers;
			sourceTree = "<group>";
		};
/* End PBXGroup section */

/* Begin PBXHeadersBuildPhase section */
		C90B0CB113F55026009C18B1 /* Headers */ = {
			isa = PBXHeadersBuildPhase;
			buildActionMask = 2147483647;
			files = (
				C9E3FA0E143BBA68001E0880 /* CocoaPlantDefines.h in Headers */,
				C951D41713F883BB001D12CD /* NSBundle+CocoaPlant.h in Headers */,
				C980C39113F6CC940075AD0B /* NSFileManager+CocoaPlant.h in Headers */,
				C99F602A1479F3C30045512B /* NSSet+CocoaPlant.h in Headers */,
				C980C39313F6CC940075AD0B /* NSString+CocoaPlant.h in Headers */,
				C980C39F13F6CC940075AD0B /* UIAlertView+CocoaPlant.h in Headers */,
				C9C244321468268000CF83A8 /* UINavigationController+CocoaPlant.h in Headers */,
				C985E2B6144E7DEC0076418A /* UIView+CocoaPlant.h in Headers */,
				C9ED9F9D148DF1A8008A52B0 /* UIViewController+CocoaPlant.h in Headers */,
				C980C39513F6CC940075AD0B /* NSManagedObject+CocoaPlant.h in Headers */,
				C980C39713F6CC940075AD0B /* NSManagedObjectContext+CocoaPlant.h in Headers */,
				C980C39913F6CC940075AD0B /* NSManagedObjectModel+CocoaPlant.h in Headers */,
				C980C39B13F6CC940075AD0B /* NSPersistentStore+CocoaPlant.h in Headers */,
				C980C39D13F6CC940075AD0B /* NSPersistentStoreCoordinator+CocoaPlant.h in Headers */,
				C92C58FA1401A47600C606DA /* NSSortDescriptor+CocoaPlant.h in Headers */,
				C9AD93E9145654CB00871695 /* CPCoreDataTableViewController.h in Headers */,
				9C0EF76D146B0D9B00CE4AE5 /* CPResourcefulManagedObject.h in Headers */,
			);
			runOnlyForDeploymentPostprocessing = 0;
		};
/* End PBXHeadersBuildPhase section */

/* Begin PBXNativeTarget section */
		C90B0CB213F55026009C18B1 /* CocoaPlant */ = {
			isa = PBXNativeTarget;
			buildConfigurationList = C90B0CD713F55026009C18B1 /* Build configuration list for PBXNativeTarget "CocoaPlant" */;
			buildPhases = (
				C90B0CAF13F55026009C18B1 /* Sources */,
				C90B0CB013F55026009C18B1 /* Frameworks */,
				C90B0CB113F55026009C18B1 /* Headers */,
			);
			buildRules = (
			);
			dependencies = (
			);
			name = CocoaPlant;
			productName = CocoaPlant;
			productReference = C90B0CB313F55026009C18B1 /* libCocoaPlant.a */;
			productType = "com.apple.product-type.library.static";
		};
		C90B0CC213F55026009C18B1 /* CocoaPlantSpecs */ = {
			isa = PBXNativeTarget;
			buildConfigurationList = C90B0CDA13F55026009C18B1 /* Build configuration list for PBXNativeTarget "CocoaPlantSpecs" */;
			buildPhases = (
				C90B0CBE13F55026009C18B1 /* Sources */,
				C90B0CBF13F55026009C18B1 /* Frameworks */,
				C90B0CC013F55026009C18B1 /* Resources */,
				C90B0CC113F55026009C18B1 /* ShellScript */,
			);
			buildRules = (
			);
			dependencies = (
				C90F3E5A13F9FF04002C16ED /* PBXTargetDependency */,
				C90718571422D7AC00C20915 /* PBXTargetDependency */,
			);
			name = CocoaPlantSpecs;
			productName = CocoaPlantSpecs;
			productReference = C90B0CC313F55026009C18B1 /* CocoaPlantSpecs.octest */;
			productType = "com.apple.product-type.bundle";
		};
		C951D3DF13F87926001D12CD /* CocoaPlantApp */ = {
			isa = PBXNativeTarget;
			buildConfigurationList = C951D40113F87926001D12CD /* Build configuration list for PBXNativeTarget "CocoaPlantApp" */;
			buildPhases = (
				C951D3DC13F87926001D12CD /* Sources */,
				C951D3DD13F87926001D12CD /* Frameworks */,
				C951D3DE13F87926001D12CD /* Resources */,
			);
			buildRules = (
			);
			dependencies = (
				C951D40F13F87CE0001D12CD /* PBXTargetDependency */,
			);
			name = CocoaPlantApp;
			productName = CocoaPlantApp;
			productReference = C951D3E013F87926001D12CD /* CocoaPlantApp.app */;
			productType = "com.apple.product-type.application";
		};
/* End PBXNativeTarget section */

/* Begin PBXProject section */
		C90B0CAA13F55026009C18B1 /* Project object */ = {
			isa = PBXProject;
			attributes = {
				LastUpgradeCheck = 0430;
			};
			buildConfigurationList = C90B0CAD13F55026009C18B1 /* Build configuration list for PBXProject "CocoaPlant" */;
			compatibilityVersion = "Xcode 3.2";
			developmentRegion = English;
			hasScannedForEncodings = 0;
			knownRegions = (
				en,
			);
			mainGroup = C90B0CA813F55026009C18B1;
			productRefGroup = C90B0CB413F55026009C18B1 /* Products */;
			projectDirPath = "";
			projectReferences = (
				{
					ProductGroup = C907182F1422C98100C20915 /* Products */;
					ProjectRef = C98CEF4113F6A3A5006B3659 /* Kiwi.xcodeproj */;
				},
			);
			projectRoot = "";
			targets = (
				C90B0CB213F55026009C18B1 /* CocoaPlant */,
				C951D3DF13F87926001D12CD /* CocoaPlantApp */,
				C90B0CC213F55026009C18B1 /* CocoaPlantSpecs */,
			);
		};
/* End PBXProject section */

/* Begin PBXReferenceProxy section */
		C90718351422C98100C20915 /* libKiwi.a */ = {
			isa = PBXReferenceProxy;
			fileType = archive.ar;
			path = libKiwi.a;
			remoteRef = C90718341422C98100C20915 /* PBXContainerItemProxy */;
			sourceTree = BUILT_PRODUCTS_DIR;
		};
		C90718371422C98100C20915 /* KiwiTests.octest */ = {
			isa = PBXReferenceProxy;
			fileType = wrapper.cfbundle;
			path = KiwiTests.octest;
			remoteRef = C90718361422C98100C20915 /* PBXContainerItemProxy */;
			sourceTree = BUILT_PRODUCTS_DIR;
		};
		C90718391422C98100C20915 /* KiwiExamples.octest */ = {
			isa = PBXReferenceProxy;
			fileType = wrapper.cfbundle;
			path = KiwiExamples.octest;
			remoteRef = C90718381422C98100C20915 /* PBXContainerItemProxy */;
			sourceTree = BUILT_PRODUCTS_DIR;
		};
/* End PBXReferenceProxy section */

/* Begin PBXResourcesBuildPhase section */
		C90B0CC013F55026009C18B1 /* Resources */ = {
			isa = PBXResourcesBuildPhase;
			buildActionMask = 2147483647;
			files = (
			);
			runOnlyForDeploymentPostprocessing = 0;
		};
		C951D3DE13F87926001D12CD /* Resources */ = {
			isa = PBXResourcesBuildPhase;
			buildActionMask = 2147483647;
			files = (
			);
			runOnlyForDeploymentPostprocessing = 0;
		};
/* End PBXResourcesBuildPhase section */

/* Begin PBXShellScriptBuildPhase section */
		C90B0CC113F55026009C18B1 /* ShellScript */ = {
			isa = PBXShellScriptBuildPhase;
			buildActionMask = 2147483647;
			files = (
			);
			inputPaths = (
			);
			outputPaths = (
			);
			runOnlyForDeploymentPostprocessing = 0;
			shellPath = /bin/sh;
			shellScript = "# Run the unit tests in this test bundle.\n\"${SYSTEM_DEVELOPER_DIR}/Tools/RunUnitTests\"\n";
		};
/* End PBXShellScriptBuildPhase section */

/* Begin PBXSourcesBuildPhase section */
		C90B0CAF13F55026009C18B1 /* Sources */ = {
			isa = PBXSourcesBuildPhase;
			buildActionMask = 2147483647;
			files = (
				C951D41813F883BB001D12CD /* NSBundle+CocoaPlant.m in Sources */,
				C980C39213F6CC940075AD0B /* NSFileManager+CocoaPlant.m in Sources */,
				C99F602B1479F3C30045512B /* NSSet+CocoaPlant.m in Sources */,
				C980C39413F6CC940075AD0B /* NSString+CocoaPlant.m in Sources */,
				C980C3A013F6CC940075AD0B /* UIAlertView+CocoaPlant.m in Sources */,
				C9C244331468268000CF83A8 /* UINavigationController+CocoaPlant.m in Sources */,
				C985E2B7144E7DEC0076418A /* UIView+CocoaPlant.m in Sources */,
				C9ED9F9E148DF1A8008A52B0 /* UIViewController+CocoaPlant.m in Sources */,
				C980C39613F6CC940075AD0B /* NSManagedObject+CocoaPlant.m in Sources */,
				C980C39813F6CC940075AD0B /* NSManagedObjectContext+CocoaPlant.m in Sources */,
				C980C39A13F6CC940075AD0B /* NSManagedObjectModel+CocoaPlant.m in Sources */,
				C980C39C13F6CC940075AD0B /* NSPersistentStore+CocoaPlant.m in Sources */,
				C980C39E13F6CC940075AD0B /* NSPersistentStoreCoordinator+CocoaPlant.m in Sources */,
				C92C58FB1401A47600C606DA /* NSSortDescriptor+CocoaPlant.m in Sources */,
				C9AD93EA145654CB00871695 /* CPCoreDataTableViewController.m in Sources */,
				9C0EF76E146B0D9B00CE4AE5 /* CPResourcefulManagedObject.m in Sources */,
			);
			runOnlyForDeploymentPostprocessing = 0;
		};
		C90B0CBE13F55026009C18B1 /* Sources */ = {
			isa = PBXSourcesBuildPhase;
			buildActionMask = 2147483647;
			files = (
				C9F182AF13F8BAA30026AF0D /* NSBundle+CocoaPlantTests.m in Sources */,
				C980C3AC13F6CE910075AD0B /* NSFileManager+CocoaPlantTests.m in Sources */,
				C980C3AD13F6CE910075AD0B /* NSString+CocoaPlantTests.m in Sources */,
				C980C3AE13F6CE910075AD0B /* NSManagedObject+CocoaPlantTests.m in Sources */,
				C980C3AF13F6CE910075AD0B /* NSManagedObjectContext+CocoaPlantTests.m in Sources */,
				C980C3B013F6CE910075AD0B /* NSManagedObjectModel+CocoaPlantTests.m in Sources */,
				C980C3B113F6CE910075AD0B /* NSPersistentStore+CocoaPlantTests.m in Sources */,
				C980C3B213F6CE910075AD0B /* NSPersistentStoreCoordinator+CocoaPlantTests.m in Sources */,
				C99A7CF914645EC800859245 /* UIView+CocoaPlantTests.m in Sources */,
				C9C24438146826B600CF83A8 /* UINavigationController+CocoaPlantTests.m in Sources */,
				C99F60301479F5330045512B /* NSSet+CocoaPlantTests.m in Sources */,
			);
			runOnlyForDeploymentPostprocessing = 0;
		};
		C951D3DC13F87926001D12CD /* Sources */ = {
			isa = PBXSourcesBuildPhase;
			buildActionMask = 2147483647;
			files = (
				C951D3ED13F87926001D12CD /* main.m in Sources */,
				C951D3F113F87926001D12CD /* AppDelegate.m in Sources */,
				C951D3F713F87926001D12CD /* MasterViewController.m in Sources */,
				C951D3FA13F87926001D12CD /* DetailViewController.m in Sources */,
				C9F182B813F8BE170026AF0D /* CocoaPlantApp.xcdatamodeld in Sources */,
				C976911513F8AE9300B41267 /* Event.m in Sources */,
			);
			runOnlyForDeploymentPostprocessing = 0;
		};
/* End PBXSourcesBuildPhase section */

/* Begin PBXTargetDependency section */
		C90718571422D7AC00C20915 /* PBXTargetDependency */ = {
			isa = PBXTargetDependency;
			name = Kiwi;
			targetProxy = C90718561422D7AC00C20915 /* PBXContainerItemProxy */;
		};
		C90F3E5A13F9FF04002C16ED /* PBXTargetDependency */ = {
			isa = PBXTargetDependency;
			target = C951D3DF13F87926001D12CD /* CocoaPlantApp */;
			targetProxy = C90F3E5913F9FF04002C16ED /* PBXContainerItemProxy */;
		};
		C951D40F13F87CE0001D12CD /* PBXTargetDependency */ = {
			isa = PBXTargetDependency;
			target = C90B0CB213F55026009C18B1 /* CocoaPlant */;
			targetProxy = C951D40E13F87CE0001D12CD /* PBXContainerItemProxy */;
		};
/* End PBXTargetDependency section */

/* Begin XCBuildConfiguration section */
		C90B0CD513F55026009C18B1 /* Debug */ = {
			isa = XCBuildConfiguration;
			buildSettings = {
				ALWAYS_SEARCH_USER_PATHS = NO;
				ARCHS = "$(ARCHS_STANDARD_32_BIT)";
				CLANG_ENABLE_OBJC_ARC = YES;
				COPY_PHASE_STRIP = NO;
				GCC_C_LANGUAGE_STANDARD = gnu99;
				GCC_DYNAMIC_NO_PIC = NO;
				GCC_OPTIMIZATION_LEVEL = 0;
				GCC_PREPROCESSOR_DEFINITIONS = (
					"DEBUG=1",
					"$(inherited)",
				);
				GCC_SYMBOLS_PRIVATE_EXTERN = NO;
				GCC_VERSION = com.apple.compilers.llvm.clang.1_0;
				GCC_WARN_ABOUT_MISSING_PROTOTYPES = YES;
				GCC_WARN_ABOUT_RETURN_TYPE = YES;
				GCC_WARN_UNUSED_VARIABLE = YES;
				IPHONEOS_DEPLOYMENT_TARGET = 4.0;
				SDKROOT = iphoneos;
			};
			name = Debug;
		};
		C90B0CD613F55026009C18B1 /* Release */ = {
			isa = XCBuildConfiguration;
			buildSettings = {
				ALWAYS_SEARCH_USER_PATHS = NO;
				ARCHS = "$(ARCHS_STANDARD_32_BIT)";
				CLANG_ENABLE_OBJC_ARC = YES;
				COPY_PHASE_STRIP = YES;
				GCC_C_LANGUAGE_STANDARD = gnu99;
				GCC_VERSION = com.apple.compilers.llvm.clang.1_0;
				GCC_WARN_ABOUT_MISSING_PROTOTYPES = YES;
				GCC_WARN_ABOUT_RETURN_TYPE = YES;
				GCC_WARN_UNUSED_VARIABLE = YES;
				IPHONEOS_DEPLOYMENT_TARGET = 4.0;
				SDKROOT = iphoneos;
				VALIDATE_PRODUCT = YES;
			};
			name = Release;
		};
		C90B0CD813F55026009C18B1 /* Debug */ = {
			isa = XCBuildConfiguration;
			buildSettings = {
				DSTROOT = /tmp/CocoaPlant.dst;
				GCC_PRECOMPILE_PREFIX_HEADER = YES;
				GCC_PREFIX_HEADER = "CocoaPlant/CocoaPlant-Prefix.pch";
				OTHER_LDFLAGS = "-ObjC";
				PRODUCT_NAME = "$(TARGET_NAME)";
				SKIP_INSTALL = YES;
			};
			name = Debug;
		};
		C90B0CD913F55026009C18B1 /* Release */ = {
			isa = XCBuildConfiguration;
			buildSettings = {
				DSTROOT = /tmp/CocoaPlant.dst;
				GCC_PRECOMPILE_PREFIX_HEADER = YES;
				GCC_PREFIX_HEADER = "CocoaPlant/CocoaPlant-Prefix.pch";
				OTHER_LDFLAGS = "-ObjC";
				PRODUCT_NAME = "$(TARGET_NAME)";
				SKIP_INSTALL = YES;
			};
			name = Release;
		};
		C90B0CDB13F55026009C18B1 /* Debug */ = {
			isa = XCBuildConfiguration;
			buildSettings = {
				BUNDLE_LOADER = "$(BUILT_PRODUCTS_DIR)/CocoaPlantApp.app/CocoaPlantApp";
				FRAMEWORK_SEARCH_PATHS = (
					"$(SDKROOT)/Developer/Library/Frameworks",
					"$(DEVELOPER_LIBRARY_DIR)/Frameworks",
				);
				GCC_PRECOMPILE_PREFIX_HEADER = YES;
				GCC_PREFIX_HEADER = "CocoaPlantSpecs/CocoaPlantSpecs-Prefix.pch";
				PRODUCT_NAME = "$(TARGET_NAME)";
				TEST_HOST = "$(BUNDLE_LOADER)";
				WRAPPER_EXTENSION = octest;
			};
			name = Debug;
		};
		C90B0CDC13F55026009C18B1 /* Release */ = {
			isa = XCBuildConfiguration;
			buildSettings = {
				BUNDLE_LOADER = "$(BUILT_PRODUCTS_DIR)/CocoaPlantApp.app/CocoaPlantApp";
				FRAMEWORK_SEARCH_PATHS = (
					"$(SDKROOT)/Developer/Library/Frameworks",
					"$(DEVELOPER_LIBRARY_DIR)/Frameworks",
				);
				GCC_PRECOMPILE_PREFIX_HEADER = YES;
				GCC_PREFIX_HEADER = "CocoaPlantSpecs/CocoaPlantSpecs-Prefix.pch";
				PRODUCT_NAME = "$(TARGET_NAME)";
				TEST_HOST = "$(BUNDLE_LOADER)";
				WRAPPER_EXTENSION = octest;
			};
			name = Release;
		};
		C951D40213F87926001D12CD /* Debug */ = {
			isa = XCBuildConfiguration;
			buildSettings = {
				"CODE_SIGN_IDENTITY[sdk=iphoneos*]" = "iPhone Developer";
				GCC_PRECOMPILE_PREFIX_HEADER = YES;
				GCC_PREFIX_HEADER = "CocoaPlantApp/CocoaPlantApp-Prefix.pch";
				HEADER_SEARCH_PATHS = "$(PROJECT_DIR)";
				INFOPLIST_FILE = "CocoaPlantApp/CocoaPlantApp-Info.plist";
				OTHER_LDFLAGS = (
					"-ObjC",
					"-force_load",
					"${BUILT_PRODUCTS_DIR}/libCocoaPlant.a",
				);
				PRODUCT_NAME = "$(TARGET_NAME)";
				WRAPPER_EXTENSION = app;
			};
			name = Debug;
		};
		C951D40313F87926001D12CD /* Release */ = {
			isa = XCBuildConfiguration;
			buildSettings = {
				"CODE_SIGN_IDENTITY[sdk=iphoneos*]" = "iPhone Developer";
				GCC_PRECOMPILE_PREFIX_HEADER = YES;
				GCC_PREFIX_HEADER = "CocoaPlantApp/CocoaPlantApp-Prefix.pch";
				HEADER_SEARCH_PATHS = "$(PROJECT_DIR)";
				INFOPLIST_FILE = "CocoaPlantApp/CocoaPlantApp-Info.plist";
				OTHER_CFLAGS = "-DNS_BLOCK_ASSERTIONS=1";
				OTHER_LDFLAGS = (
					"-ObjC",
					"-force_load",
					"${BUILT_PRODUCTS_DIR}/libCocoaPlant.a",
				);
				PRODUCT_NAME = "$(TARGET_NAME)";
				WRAPPER_EXTENSION = app;
			};
			name = Release;
		};
/* End XCBuildConfiguration section */

/* Begin XCConfigurationList section */
		C90B0CAD13F55026009C18B1 /* Build configuration list for PBXProject "CocoaPlant" */ = {
			isa = XCConfigurationList;
			buildConfigurations = (
				C90B0CD513F55026009C18B1 /* Debug */,
				C90B0CD613F55026009C18B1 /* Release */,
			);
			defaultConfigurationIsVisible = 0;
			defaultConfigurationName = Release;
		};
		C90B0CD713F55026009C18B1 /* Build configuration list for PBXNativeTarget "CocoaPlant" */ = {
			isa = XCConfigurationList;
			buildConfigurations = (
				C90B0CD813F55026009C18B1 /* Debug */,
				C90B0CD913F55026009C18B1 /* Release */,
			);
			defaultConfigurationIsVisible = 0;
			defaultConfigurationName = Release;
		};
		C90B0CDA13F55026009C18B1 /* Build configuration list for PBXNativeTarget "CocoaPlantSpecs" */ = {
			isa = XCConfigurationList;
			buildConfigurations = (
				C90B0CDB13F55026009C18B1 /* Debug */,
				C90B0CDC13F55026009C18B1 /* Release */,
			);
			defaultConfigurationIsVisible = 0;
			defaultConfigurationName = Release;
		};
		C951D40113F87926001D12CD /* Build configuration list for PBXNativeTarget "CocoaPlantApp" */ = {
			isa = XCConfigurationList;
			buildConfigurations = (
				C951D40213F87926001D12CD /* Debug */,
				C951D40313F87926001D12CD /* Release */,
			);
			defaultConfigurationIsVisible = 0;
			defaultConfigurationName = Release;
		};
/* End XCConfigurationList section */

/* Begin XCVersionGroup section */
		C9F182B113F8BD980026AF0D /* CocoaPlantApp.xcdatamodeld */ = {
			isa = XCVersionGroup;
			children = (
				C9F182B213F8BD980026AF0D /* CocoaPlantApp.xcdatamodel */,
			);
			currentVersion = C9F182B213F8BD980026AF0D /* CocoaPlantApp.xcdatamodel */;
			path = CocoaPlantApp.xcdatamodeld;
			sourceTree = "<group>";
			versionGroupType = wrapper.xcdatamodel;
		};
/* End XCVersionGroup section */
	};
	rootObject = C90B0CAA13F55026009C18B1 /* Project object */;
}
