// !$*UTF8*$!
{
	archiveVersion = 1;
	classes = {
	};
	objectVersion = 46;
	objects = {

/* Begin PBXBuildFile section */
		C90B0CBD13F55026009C18B1 /* CocoaPlant.m in Sources */ = {isa = PBXBuildFile; fileRef = C90B0CBC13F55026009C18B1 /* CocoaPlant.m */; };
		C90B0CCB13F55026009C18B1 /* libCocoaPlant.a in Frameworks */ = {isa = PBXBuildFile; fileRef = C90B0CB313F55026009C18B1 /* libCocoaPlant.a */; };
		C90B0CD413F55026009C18B1 /* CocoaPlantSpecs.m in Sources */ = {isa = PBXBuildFile; fileRef = C90B0CD313F55026009C18B1 /* CocoaPlantSpecs.m */; };
		C980C36B13F6A7DD0075AD0B /* UIKit.framework in Frameworks */ = {isa = PBXBuildFile; fileRef = C980C36A13F6A7DD0075AD0B /* UIKit.framework */; };
		C980C36E13F6A8930075AD0B /* Foundation.framework in Frameworks */ = {isa = PBXBuildFile; fileRef = C980C36D13F6A8930075AD0B /* Foundation.framework */; };
		C980C37013F6A8B90075AD0B /* SenTestingKit.framework in Frameworks */ = {isa = PBXBuildFile; fileRef = C980C36F13F6A8B90075AD0B /* SenTestingKit.framework */; };
		C98CEF5613F6A3E2006B3659 /* libKiwi.a in Frameworks */ = {isa = PBXBuildFile; fileRef = C98CEF4F13F6A3A6006B3659 /* libKiwi.a */; };
/* End PBXBuildFile section */

/* Begin PBXContainerItemProxy section */
		C90B0CC913F55026009C18B1 /* PBXContainerItemProxy */ = {
			isa = PBXContainerItemProxy;
			containerPortal = C90B0CAA13F55026009C18B1 /* Project object */;
			proxyType = 1;
			remoteGlobalIDString = C90B0CB213F55026009C18B1;
			remoteInfo = CocoaPlant;
		};
		C98CEF4C13F6A3A6006B3659 /* PBXContainerItemProxy */ = {
			isa = PBXContainerItemProxy;
			containerPortal = C98CEF4113F6A3A5006B3659 /* Kiwi.xcodeproj */;
			proxyType = 2;
			remoteGlobalIDString = 1D6058910D05DD3D006BFB54;
			remoteInfo = KiwiDriver;
		};
		C98CEF4E13F6A3A6006B3659 /* PBXContainerItemProxy */ = {
			isa = PBXContainerItemProxy;
			containerPortal = C98CEF4113F6A3A5006B3659 /* Kiwi.xcodeproj */;
			proxyType = 2;
			remoteGlobalIDString = F5015B9F11583A77002E9A98;
			remoteInfo = Kiwi;
		};
		C98CEF5013F6A3A6006B3659 /* PBXContainerItemProxy */ = {
			isa = PBXContainerItemProxy;
			containerPortal = C98CEF4113F6A3A5006B3659 /* Kiwi.xcodeproj */;
			proxyType = 2;
			remoteGlobalIDString = F5015C9E11584017002E9A98;
			remoteInfo = KiwiTests;
		};
		C98CEF5213F6A3A6006B3659 /* PBXContainerItemProxy */ = {
			isa = PBXContainerItemProxy;
			containerPortal = C98CEF4113F6A3A5006B3659 /* Kiwi.xcodeproj */;
			proxyType = 2;
			remoteGlobalIDString = A3B16542139967B800E9CC6E;
			remoteInfo = KiwiExamples;
		};
		C98CEF5413F6A3C9006B3659 /* PBXContainerItemProxy */ = {
			isa = PBXContainerItemProxy;
			containerPortal = C98CEF4113F6A3A5006B3659 /* Kiwi.xcodeproj */;
			proxyType = 1;
			remoteGlobalIDString = F5015B9E11583A77002E9A98;
			remoteInfo = Kiwi;
		};
/* End PBXContainerItemProxy section */

/* Begin PBXFileReference section */
		C90B0CB313F55026009C18B1 /* libCocoaPlant.a */ = {isa = PBXFileReference; explicitFileType = archive.ar; includeInIndex = 0; path = libCocoaPlant.a; sourceTree = BUILT_PRODUCTS_DIR; };
		C90B0CBA13F55026009C18B1 /* CocoaPlant-Prefix.pch */ = {isa = PBXFileReference; lastKnownFileType = sourcecode.c.h; path = "CocoaPlant-Prefix.pch"; sourceTree = "<group>"; };
		C90B0CBB13F55026009C18B1 /* CocoaPlant.h */ = {isa = PBXFileReference; lastKnownFileType = sourcecode.c.h; path = CocoaPlant.h; sourceTree = "<group>"; };
		C90B0CBC13F55026009C18B1 /* CocoaPlant.m */ = {isa = PBXFileReference; lastKnownFileType = sourcecode.c.objc; path = CocoaPlant.m; sourceTree = "<group>"; };
		C90B0CC313F55026009C18B1 /* CocoaPlantSpecs.octest */ = {isa = PBXFileReference; explicitFileType = wrapper.cfbundle; includeInIndex = 0; path = CocoaPlantSpecs.octest; sourceTree = BUILT_PRODUCTS_DIR; };
		C90B0CD313F55026009C18B1 /* CocoaPlantSpecs.m */ = {isa = PBXFileReference; lastKnownFileType = sourcecode.c.objc; path = CocoaPlantSpecs.m; sourceTree = "<group>"; };
		C980C36A13F6A7DD0075AD0B /* UIKit.framework */ = {isa = PBXFileReference; lastKnownFileType = wrapper.framework; name = UIKit.framework; path = System/Library/Frameworks/UIKit.framework; sourceTree = SDKROOT; };
		C980C36D13F6A8930075AD0B /* Foundation.framework */ = {isa = PBXFileReference; lastKnownFileType = wrapper.framework; name = Foundation.framework; path = System/Library/Frameworks/Foundation.framework; sourceTree = SDKROOT; };
		C980C36F13F6A8B90075AD0B /* SenTestingKit.framework */ = {isa = PBXFileReference; lastKnownFileType = wrapper.framework; name = SenTestingKit.framework; path = Library/Frameworks/SenTestingKit.framework; sourceTree = DEVELOPER_DIR; };
		C98CEF4113F6A3A5006B3659 /* Kiwi.xcodeproj */ = {isa = PBXFileReference; lastKnownFileType = "wrapper.pb-project"; name = Kiwi.xcodeproj; path = Vendor/Kiwi/Kiwi.xcodeproj; sourceTree = "<group>"; };
/* End PBXFileReference section */

/* Begin PBXFrameworksBuildPhase section */
		C90B0CB013F55026009C18B1 /* Frameworks */ = {
			isa = PBXFrameworksBuildPhase;
			buildActionMask = 2147483647;
			files = (
			);
			runOnlyForDeploymentPostprocessing = 0;
		};
		C90B0CBF13F55026009C18B1 /* Frameworks */ = {
			isa = PBXFrameworksBuildPhase;
			buildActionMask = 2147483647;
			files = (
				C980C36E13F6A8930075AD0B /* Foundation.framework in Frameworks */,
				C980C36B13F6A7DD0075AD0B /* UIKit.framework in Frameworks */,
				C980C37013F6A8B90075AD0B /* SenTestingKit.framework in Frameworks */,
				C90B0CCB13F55026009C18B1 /* libCocoaPlant.a in Frameworks */,
				C98CEF5613F6A3E2006B3659 /* libKiwi.a in Frameworks */,
			);
			runOnlyForDeploymentPostprocessing = 0;
		};
/* End PBXFrameworksBuildPhase section */

/* Begin PBXGroup section */
		C90B0CA813F55026009C18B1 = {
			isa = PBXGroup;
			children = (
				C90B0CB813F55026009C18B1 /* CocoaPlant */,
				C90B0CCC13F55026009C18B1 /* CocoaPlantSpecs */,
				C90B0CB513F55026009C18B1 /* Frameworks */,
				C90B0CB413F55026009C18B1 /* Products */,
				C98CEF3F13F6A364006B3659 /* Vendor */,
			);
			sourceTree = "<group>";
		};
		C90B0CB413F55026009C18B1 /* Products */ = {
			isa = PBXGroup;
			children = (
				C90B0CB313F55026009C18B1 /* libCocoaPlant.a */,
				C90B0CC313F55026009C18B1 /* CocoaPlantSpecs.octest */,
			);
			name = Products;
			sourceTree = "<group>";
		};
		C90B0CB513F55026009C18B1 /* Frameworks */ = {
			isa = PBXGroup;
			children = (
				C980C36D13F6A8930075AD0B /* Foundation.framework */,
				C980C36A13F6A7DD0075AD0B /* UIKit.framework */,
				C980C36F13F6A8B90075AD0B /* SenTestingKit.framework */,
			);
			name = Frameworks;
			sourceTree = "<group>";
		};
		C90B0CB813F55026009C18B1 /* CocoaPlant */ = {
			isa = PBXGroup;
			children = (
				C90B0CBB13F55026009C18B1 /* CocoaPlant.h */,
				C90B0CBC13F55026009C18B1 /* CocoaPlant.m */,
				C90B0CB913F55026009C18B1 /* Supporting Files */,
			);
			path = CocoaPlant;
			sourceTree = "<group>";
		};
		C90B0CB913F55026009C18B1 /* Supporting Files */ = {
			isa = PBXGroup;
			children = (
				C90B0CBA13F55026009C18B1 /* CocoaPlant-Prefix.pch */,
			);
			path = "Supporting Files";
			sourceTree = "<group>";
		};
		C90B0CCC13F55026009C18B1 /* CocoaPlantSpecs */ = {
			isa = PBXGroup;
			children = (
				C90B0CD313F55026009C18B1 /* CocoaPlantSpecs.m */,
			);
			path = CocoaPlantSpecs;
			sourceTree = "<group>";
		};
		C98CEF3F13F6A364006B3659 /* Vendor */ = {
			isa = PBXGroup;
			children = (
				C98CEF4113F6A3A5006B3659 /* Kiwi.xcodeproj */,
			);
			name = Vendor;
			sourceTree = "<group>";
		};
		C98CEF4213F6A3A5006B3659 /* Products */ = {
			isa = PBXGroup;
			children = (
				C98CEF4D13F6A3A6006B3659 /* KiwiDriver.app */,
				C98CEF4F13F6A3A6006B3659 /* libKiwi.a */,
				C98CEF5113F6A3A6006B3659 /* KiwiTests.octest */,
				C98CEF5313F6A3A6006B3659 /* KiwiExamples.octest */,
			);
			name = Products;
			sourceTree = "<group>";
		};
/* End PBXGroup section */

/* Begin PBXHeadersBuildPhase section */
		C90B0CB113F55026009C18B1 /* Headers */ = {
			isa = PBXHeadersBuildPhase;
			buildActionMask = 2147483647;
			files = (
			);
			runOnlyForDeploymentPostprocessing = 0;
		};
/* End PBXHeadersBuildPhase section */

/* Begin PBXNativeTarget section */
		C90B0CB213F55026009C18B1 /* CocoaPlant */ = {
			isa = PBXNativeTarget;
			buildConfigurationList = C90B0CD713F55026009C18B1 /* Build configuration list for PBXNativeTarget "CocoaPlant" */;
			buildPhases = (
				C90B0CAF13F55026009C18B1 /* Sources */,
				C90B0CB013F55026009C18B1 /* Frameworks */,
				C90B0CB113F55026009C18B1 /* Headers */,
			);
			buildRules = (
			);
			dependencies = (
			);
			name = CocoaPlant;
			productName = CocoaPlant;
			productReference = C90B0CB313F55026009C18B1 /* libCocoaPlant.a */;
			productType = "com.apple.product-type.library.static";
		};
		C90B0CC213F55026009C18B1 /* CocoaPlantSpecs */ = {
			isa = PBXNativeTarget;
			buildConfigurationList = C90B0CDA13F55026009C18B1 /* Build configuration list for PBXNativeTarget "CocoaPlantSpecs" */;
			buildPhases = (
				C90B0CBE13F55026009C18B1 /* Sources */,
				C90B0CBF13F55026009C18B1 /* Frameworks */,
				C90B0CC013F55026009C18B1 /* Resources */,
				C90B0CC113F55026009C18B1 /* ShellScript */,
			);
			buildRules = (
			);
			dependencies = (
				C90B0CCA13F55026009C18B1 /* PBXTargetDependency */,
				C98CEF5513F6A3C9006B3659 /* PBXTargetDependency */,
			);
			name = CocoaPlantSpecs;
			productName = CocoaPlantSpecs;
			productReference = C90B0CC313F55026009C18B1 /* CocoaPlantSpecs.octest */;
			productType = "com.apple.product-type.bundle";
		};
/* End PBXNativeTarget section */

/* Begin PBXProject section */
		C90B0CAA13F55026009C18B1 /* Project object */ = {
			isa = PBXProject;
			attributes = {
				LastUpgradeCheck = 0420;
			};
			buildConfigurationList = C90B0CAD13F55026009C18B1 /* Build configuration list for PBXProject "CocoaPlant" */;
			compatibilityVersion = "Xcode 3.2";
			developmentRegion = English;
			hasScannedForEncodings = 0;
			knownRegions = (
				en,
			);
			mainGroup = C90B0CA813F55026009C18B1;
			productRefGroup = C90B0CB413F55026009C18B1 /* Products */;
			projectDirPath = "";
			projectReferences = (
				{
					ProductGroup = C98CEF4213F6A3A5006B3659 /* Products */;
					ProjectRef = C98CEF4113F6A3A5006B3659 /* Kiwi.xcodeproj */;
				},
			);
			projectRoot = "";
			targets = (
				C90B0CB213F55026009C18B1 /* CocoaPlant */,
				C90B0CC213F55026009C18B1 /* CocoaPlantSpecs */,
			);
		};
/* End PBXProject section */

/* Begin PBXReferenceProxy section */
		C98CEF4D13F6A3A6006B3659 /* KiwiDriver.app */ = {
			isa = PBXReferenceProxy;
			fileType = wrapper.application;
			path = KiwiDriver.app;
			remoteRef = C98CEF4C13F6A3A6006B3659 /* PBXContainerItemProxy */;
			sourceTree = BUILT_PRODUCTS_DIR;
		};
		C98CEF4F13F6A3A6006B3659 /* libKiwi.a */ = {
			isa = PBXReferenceProxy;
			fileType = archive.ar;
			path = libKiwi.a;
			remoteRef = C98CEF4E13F6A3A6006B3659 /* PBXContainerItemProxy */;
			sourceTree = BUILT_PRODUCTS_DIR;
		};
		C98CEF5113F6A3A6006B3659 /* KiwiTests.octest */ = {
			isa = PBXReferenceProxy;
			fileType = wrapper.cfbundle;
			path = KiwiTests.octest;
			remoteRef = C98CEF5013F6A3A6006B3659 /* PBXContainerItemProxy */;
			sourceTree = BUILT_PRODUCTS_DIR;
		};
		C98CEF5313F6A3A6006B3659 /* KiwiExamples.octest */ = {
			isa = PBXReferenceProxy;
			fileType = wrapper.cfbundle;
			path = KiwiExamples.octest;
			remoteRef = C98CEF5213F6A3A6006B3659 /* PBXContainerItemProxy */;
			sourceTree = BUILT_PRODUCTS_DIR;
		};
/* End PBXReferenceProxy section */

/* Begin PBXResourcesBuildPhase section */
		C90B0CC013F55026009C18B1 /* Resources */ = {
			isa = PBXResourcesBuildPhase;
			buildActionMask = 2147483647;
			files = (
			);
			runOnlyForDeploymentPostprocessing = 0;
		};
/* End PBXResourcesBuildPhase section */

/* Begin PBXShellScriptBuildPhase section */
		C90B0CC113F55026009C18B1 /* ShellScript */ = {
			isa = PBXShellScriptBuildPhase;
			buildActionMask = 2147483647;
			files = (
			);
			inputPaths = (
			);
			outputPaths = (
			);
			runOnlyForDeploymentPostprocessing = 0;
			shellPath = /bin/sh;
			shellScript = "# Run the unit tests in this test bundle.\n\"${SYSTEM_DEVELOPER_DIR}/Tools/RunUnitTests\"\n";
		};
/* End PBXShellScriptBuildPhase section */

/* Begin PBXSourcesBuildPhase section */
		C90B0CAF13F55026009C18B1 /* Sources */ = {
			isa = PBXSourcesBuildPhase;
			buildActionMask = 2147483647;
			files = (
				C90B0CBD13F55026009C18B1 /* CocoaPlant.m in Sources */,
			);
			runOnlyForDeploymentPostprocessing = 0;
		};
		C90B0CBE13F55026009C18B1 /* Sources */ = {
			isa = PBXSourcesBuildPhase;
			buildActionMask = 2147483647;
			files = (
				C90B0CD413F55026009C18B1 /* CocoaPlantSpecs.m in Sources */,
			);
			runOnlyForDeploymentPostprocessing = 0;
		};
/* End PBXSourcesBuildPhase section */

/* Begin PBXTargetDependency section */
		C90B0CCA13F55026009C18B1 /* PBXTargetDependency */ = {
			isa = PBXTargetDependency;
			target = C90B0CB213F55026009C18B1 /* CocoaPlant */;
			targetProxy = C90B0CC913F55026009C18B1 /* PBXContainerItemProxy */;
		};
		C98CEF5513F6A3C9006B3659 /* PBXTargetDependency */ = {
			isa = PBXTargetDependency;
			name = Kiwi;
			targetProxy = C98CEF5413F6A3C9006B3659 /* PBXContainerItemProxy */;
		};
/* End PBXTargetDependency section */

/* Begin XCBuildConfiguration section */
		C90B0CD513F55026009C18B1 /* Debug */ = {
			isa = XCBuildConfiguration;
			buildSettings = {
				ALWAYS_SEARCH_USER_PATHS = NO;
				ARCHS = "$(ARCHS_STANDARD_32_BIT)";
				CLANG_ENABLE_OBJC_ARC = YES;
				COPY_PHASE_STRIP = NO;
				GCC_C_LANGUAGE_STANDARD = gnu99;
				GCC_DYNAMIC_NO_PIC = NO;
				GCC_OPTIMIZATION_LEVEL = 0;
				GCC_PREPROCESSOR_DEFINITIONS = (
					"DEBUG=1",
					"$(inherited)",
				);
				GCC_SYMBOLS_PRIVATE_EXTERN = NO;
				GCC_VERSION = com.apple.compilers.llvm.clang.1_0;
				GCC_WARN_ABOUT_MISSING_PROTOTYPES = YES;
				GCC_WARN_ABOUT_RETURN_TYPE = YES;
				GCC_WARN_UNUSED_VARIABLE = YES;
				IPHONEOS_DEPLOYMENT_TARGET = 5.0;
				SDKROOT = iphoneos;
			};
			name = Debug;
		};
		C90B0CD613F55026009C18B1 /* Release */ = {
			isa = XCBuildConfiguration;
			buildSettings = {
				ALWAYS_SEARCH_USER_PATHS = NO;
				ARCHS = "$(ARCHS_STANDARD_32_BIT)";
				CLANG_ENABLE_OBJC_ARC = YES;
				COPY_PHASE_STRIP = YES;
				GCC_C_LANGUAGE_STANDARD = gnu99;
				GCC_VERSION = com.apple.compilers.llvm.clang.1_0;
				GCC_WARN_ABOUT_MISSING_PROTOTYPES = YES;
				GCC_WARN_ABOUT_RETURN_TYPE = YES;
				GCC_WARN_UNUSED_VARIABLE = YES;
				IPHONEOS_DEPLOYMENT_TARGET = 5.0;
				SDKROOT = iphoneos;
				VALIDATE_PRODUCT = YES;
			};
			name = Release;
		};
		C90B0CD813F55026009C18B1 /* Debug */ = {
			isa = XCBuildConfiguration;
			buildSettings = {
				DSTROOT = /tmp/CocoaPlant.dst;
				GCC_PRECOMPILE_PREFIX_HEADER = YES;
				GCC_PREFIX_HEADER = "CocoaPlant/Supporting Files/CocoaPlant-Prefix.pch";
				OTHER_LDFLAGS = "-ObjC";
				PRODUCT_NAME = "$(TARGET_NAME)";
				SKIP_INSTALL = YES;
			};
			name = Debug;
		};
		C90B0CD913F55026009C18B1 /* Release */ = {
			isa = XCBuildConfiguration;
			buildSettings = {
				DSTROOT = /tmp/CocoaPlant.dst;
				GCC_PRECOMPILE_PREFIX_HEADER = YES;
				GCC_PREFIX_HEADER = "CocoaPlant/Supporting Files/CocoaPlant-Prefix.pch";
				OTHER_LDFLAGS = "-ObjC";
				PRODUCT_NAME = "$(TARGET_NAME)";
				SKIP_INSTALL = YES;
			};
			name = Release;
		};
		C90B0CDB13F55026009C18B1 /* Debug */ = {
			isa = XCBuildConfiguration;
			buildSettings = {
				FRAMEWORK_SEARCH_PATHS = (
					"$(SDKROOT)/Developer/Library/Frameworks",
					"$(DEVELOPER_LIBRARY_DIR)/Frameworks",
				);
				GCC_PRECOMPILE_PREFIX_HEADER = YES;
				GCC_PREFIX_HEADER = "CocoaPlant/Supporting Files/CocoaPlant-Prefix.pch";
				HEADER_SEARCH_PATHS = Vendor/Kiwi;
				OTHER_LDFLAGS = (
					"-ObjC",
					"-force_load",
					"${BUILT_PRODUCTS_DIR}/libKiwi.a",
				);
				PRODUCT_NAME = "$(TARGET_NAME)";
				WRAPPER_EXTENSION = octest;
			};
			name = Debug;
		};
		C90B0CDC13F55026009C18B1 /* Release */ = {
			isa = XCBuildConfiguration;
			buildSettings = {
				FRAMEWORK_SEARCH_PATHS = (
					"$(SDKROOT)/Developer/Library/Frameworks",
					"$(DEVELOPER_LIBRARY_DIR)/Frameworks",
				);
				GCC_PRECOMPILE_PREFIX_HEADER = YES;
				GCC_PREFIX_HEADER = "CocoaPlant/Supporting Files/CocoaPlant-Prefix.pch";
				HEADER_SEARCH_PATHS = Vendor/Kiwi;
				OTHER_LDFLAGS = (
					"-ObjC",
					"-force_load",
					"${BUILT_PRODUCTS_DIR}/libKiwi.a",
				);
				PRODUCT_NAME = "$(TARGET_NAME)";
				WRAPPER_EXTENSION = octest;
			};
			name = Release;
		};
/* End XCBuildConfiguration section */

/* Begin XCConfigurationList section */
		C90B0CAD13F55026009C18B1 /* Build configuration list for PBXProject "CocoaPlant" */ = {
			isa = XCConfigurationList;
			buildConfigurations = (
				C90B0CD513F55026009C18B1 /* Debug */,
				C90B0CD613F55026009C18B1 /* Release */,
			);
			defaultConfigurationIsVisible = 0;
			defaultConfigurationName = Release;
		};
		C90B0CD713F55026009C18B1 /* Build configuration list for PBXNativeTarget "CocoaPlant" */ = {
			isa = XCConfigurationList;
			buildConfigurations = (
				C90B0CD813F55026009C18B1 /* Debug */,
				C90B0CD913F55026009C18B1 /* Release */,
			);
			defaultConfigurationIsVisible = 0;
			defaultConfigurationName = Release;
		};
		C90B0CDA13F55026009C18B1 /* Build configuration list for PBXNativeTarget "CocoaPlantSpecs" */ = {
			isa = XCConfigurationList;
			buildConfigurations = (
				C90B0CDB13F55026009C18B1 /* Debug */,
				C90B0CDC13F55026009C18B1 /* Release */,
			);
			defaultConfigurationIsVisible = 0;
			defaultConfigurationName = Release;
		};
/* End XCConfigurationList section */
	};
	rootObject = C90B0CAA13F55026009C18B1 /* Project object */;
}
